
Microsoft Visual Studio Solution File, Format Version 12.00
# Visual Studio Version 16
VisualStudioVersion = 16.0.28922.388
MinimumVisualStudioVersion = 10.0.40219.1
Project("{FAE04EC0-301F-11D3-BF4B-00C04F79EFBC}") = "Task3", "Task3\Task3.csproj", "{32317E2F-88AA-4B92-BE92-9C3DA891A998}"
EndProject
Global
	GlobalSection(SolutionConfigurationPlatforms) = preSolution
		Debug|Any CPU = Debug|Any CPU
		Release|Any CPU = Release|Any CPU
	EndGlobalSection
	GlobalSection(ProjectConfigurationPlatforms) = postSolution
		{32317E2F-88AA-4B92-BE92-9C3DA891A998}.Debug|Any CPU.ActiveCfg = Debug|Any CPU
		{32317E2F-88AA-4B92-BE92-9C3DA891A998}.Debug|Any CPU.Build.0 = Debug|Any CPU
		{32317E2F-88AA-4B92-BE92-9C3DA891A998}.Release|Any CPU.ActiveCfg = Release|Any CPU
		{32317E2F-88AA-4B92-BE92-9C3DA891A998}.Release|Any CPU.Build.0 = Release|Any CPU
	EndGlobalSection
	GlobalSection(SolutionProperties) = preSolution
		HideSolutionNode = FALSE
	EndGlobalSection
	GlobalSection(ExtensibilityGlobals) = postSolution
		SolutionGuid = {58B53E50-CF38-4821-8799-E6914EDB1614}
	EndGlobalSection
EndGlobal
