
Microsoft Visual Studio Solution File, Format Version 12.00
# Visual Studio Version 16
VisualStudioVersion = 16.0.28922.388
MinimumVisualStudioVersion = 10.0.40219.1
Project("{FAE04EC0-301F-11D3-BF4B-00C04F79EFBC}") = "Task_1", "Task_1\Task_1.csproj", "{36577C3F-0131-4258-B715-3431F60F931E}"
EndProject
Global
	GlobalSection(SolutionConfigurationPlatforms) = preSolution
		Debug|Any CPU = Debug|Any CPU
		Release|Any CPU = Release|Any CPU
	EndGlobalSection
	GlobalSection(ProjectConfigurationPlatforms) = postSolution
		{36577C3F-0131-4258-B715-3431F60F931E}.Debug|Any CPU.ActiveCfg = Debug|Any CPU
		{36577C3F-0131-4258-B715-3431F60F931E}.Debug|Any CPU.Build.0 = Debug|Any CPU
		{36577C3F-0131-4258-B715-3431F60F931E}.Release|Any CPU.ActiveCfg = Release|Any CPU
		{36577C3F-0131-4258-B715-3431F60F931E}.Release|Any CPU.Build.0 = Release|Any CPU
	EndGlobalSection
	GlobalSection(SolutionProperties) = preSolution
		HideSolutionNode = FALSE
	EndGlobalSection
	GlobalSection(ExtensibilityGlobals) = postSolution
		SolutionGuid = {062EDB08-E1CD-4E71-B35E-70FFDF391D76}
	EndGlobalSection
EndGlobal
