
Microsoft Visual Studio Solution File, Format Version 12.00
# Visual Studio Version 16
VisualStudioVersion = 16.0.28922.388
MinimumVisualStudioVersion = 10.0.40219.1
Project("{FAE04EC0-301F-11D3-BF4B-00C04F79EFBC}") = "Task_4", "Task_4\Task_4.csproj", "{653647B5-6C85-4961-A079-306C3A575637}"
EndProject
Global
	GlobalSection(SolutionConfigurationPlatforms) = preSolution
		Debug|Any CPU = Debug|Any CPU
		Release|Any CPU = Release|Any CPU
	EndGlobalSection
	GlobalSection(ProjectConfigurationPlatforms) = postSolution
		{653647B5-6C85-4961-A079-306C3A575637}.Debug|Any CPU.ActiveCfg = Debug|Any CPU
		{653647B5-6C85-4961-A079-306C3A575637}.Debug|Any CPU.Build.0 = Debug|Any CPU
		{653647B5-6C85-4961-A079-306C3A575637}.Release|Any CPU.ActiveCfg = Release|Any CPU
		{653647B5-6C85-4961-A079-306C3A575637}.Release|Any CPU.Build.0 = Release|Any CPU
	EndGlobalSection
	GlobalSection(SolutionProperties) = preSolution
		HideSolutionNode = FALSE
	EndGlobalSection
	GlobalSection(ExtensibilityGlobals) = postSolution
		SolutionGuid = {D6789EF8-0F88-4441-B003-97C8509DF765}
	EndGlobalSection
EndGlobal
