
Microsoft Visual Studio Solution File, Format Version 12.00
# Visual Studio Version 16
VisualStudioVersion = 16.0.28922.388
MinimumVisualStudioVersion = 10.0.40219.1
Project("{FAE04EC0-301F-11D3-BF4B-00C04F79EFBC}") = "Task_2", "Task_2\Task_2.csproj", "{8655177F-8B46-4DF0-8BC9-1585F286F898}"
EndProject
Global
	GlobalSection(SolutionConfigurationPlatforms) = preSolution
		Debug|Any CPU = Debug|Any CPU
		Release|Any CPU = Release|Any CPU
	EndGlobalSection
	GlobalSection(ProjectConfigurationPlatforms) = postSolution
		{8655177F-8B46-4DF0-8BC9-1585F286F898}.Debug|Any CPU.ActiveCfg = Debug|Any CPU
		{8655177F-8B46-4DF0-8BC9-1585F286F898}.Debug|Any CPU.Build.0 = Debug|Any CPU
		{8655177F-8B46-4DF0-8BC9-1585F286F898}.Release|Any CPU.ActiveCfg = Release|Any CPU
		{8655177F-8B46-4DF0-8BC9-1585F286F898}.Release|Any CPU.Build.0 = Release|Any CPU
	EndGlobalSection
	GlobalSection(SolutionProperties) = preSolution
		HideSolutionNode = FALSE
	EndGlobalSection
	GlobalSection(ExtensibilityGlobals) = postSolution
		SolutionGuid = {C1D7F8AD-B1E2-4175-A073-F8F0B9B95995}
	EndGlobalSection
EndGlobal
