
Microsoft Visual Studio Solution File, Format Version 12.00
# Visual Studio Version 16
VisualStudioVersion = 16.0.28922.388
MinimumVisualStudioVersion = 10.0.40219.1
Project("{FAE04EC0-301F-11D3-BF4B-00C04F79EFBC}") = "Task2", "Task2\Task2.csproj", "{52C44EDC-2471-4AAE-BEA9-301C3D8556A8}"
EndProject
Global
	GlobalSection(SolutionConfigurationPlatforms) = preSolution
		Debug|Any CPU = Debug|Any CPU
		Release|Any CPU = Release|Any CPU
	EndGlobalSection
	GlobalSection(ProjectConfigurationPlatforms) = postSolution
		{52C44EDC-2471-4AAE-BEA9-301C3D8556A8}.Debug|Any CPU.ActiveCfg = Debug|Any CPU
		{52C44EDC-2471-4AAE-BEA9-301C3D8556A8}.Debug|Any CPU.Build.0 = Debug|Any CPU
		{52C44EDC-2471-4AAE-BEA9-301C3D8556A8}.Release|Any CPU.ActiveCfg = Release|Any CPU
		{52C44EDC-2471-4AAE-BEA9-301C3D8556A8}.Release|Any CPU.Build.0 = Release|Any CPU
	EndGlobalSection
	GlobalSection(SolutionProperties) = preSolution
		HideSolutionNode = FALSE
	EndGlobalSection
	GlobalSection(ExtensibilityGlobals) = postSolution
		SolutionGuid = {F636FFA5-6C6D-49AC-972B-8CAE9A00CCC6}
	EndGlobalSection
EndGlobal
