
Microsoft Visual Studio Solution File, Format Version 12.00
# Visual Studio Version 16
VisualStudioVersion = 16.0.28922.388
MinimumVisualStudioVersion = 10.0.40219.1
Project("{FAE04EC0-301F-11D3-BF4B-00C04F79EFBC}") = "Task4", "Task4\Task4.csproj", "{23D47402-5D7E-4AC7-BBA7-99845652DA73}"
EndProject
Global
	GlobalSection(SolutionConfigurationPlatforms) = preSolution
		Debug|Any CPU = Debug|Any CPU
		Release|Any CPU = Release|Any CPU
	EndGlobalSection
	GlobalSection(ProjectConfigurationPlatforms) = postSolution
		{23D47402-5D7E-4AC7-BBA7-99845652DA73}.Debug|Any CPU.ActiveCfg = Debug|Any CPU
		{23D47402-5D7E-4AC7-BBA7-99845652DA73}.Debug|Any CPU.Build.0 = Debug|Any CPU
		{23D47402-5D7E-4AC7-BBA7-99845652DA73}.Release|Any CPU.ActiveCfg = Release|Any CPU
		{23D47402-5D7E-4AC7-BBA7-99845652DA73}.Release|Any CPU.Build.0 = Release|Any CPU
	EndGlobalSection
	GlobalSection(SolutionProperties) = preSolution
		HideSolutionNode = FALSE
	EndGlobalSection
	GlobalSection(ExtensibilityGlobals) = postSolution
		SolutionGuid = {0F25D10C-0066-43C5-8EE8-38CB8D3BFD38}
	EndGlobalSection
EndGlobal
